
Microsoft Visual Studio Solution File, Format Version 12.00
# Visual Studio Version 16
VisualStudioVersion = 16.0.30320.27
MinimumVisualStudioVersion = 10.0.40219.1
Project("{888888A0-9F3D-457C-B088-3A5042F75D52}") = "PythonApplication45", "PythonApplication45.pyproj", "{277936AD-92A2-4BA0-8FF9-0D88B8D07A91}"
EndProject
Global
	GlobalSection(SolutionConfigurationPlatforms) = preSolution
		Debug|Any CPU = Debug|Any CPU
		Release|Any CPU = Release|Any CPU
	EndGlobalSection
	GlobalSection(ProjectConfigurationPlatforms) = postSolution
		{277936AD-92A2-4BA0-8FF9-0D88B8D07A91}.Debug|Any CPU.ActiveCfg = Debug|Any CPU
		{277936AD-92A2-4BA0-8FF9-0D88B8D07A91}.Release|Any CPU.ActiveCfg = Release|Any CPU
	EndGlobalSection
	GlobalSection(SolutionProperties) = preSolution
		HideSolutionNode = FALSE
	EndGlobalSection
	GlobalSection(ExtensibilityGlobals) = postSolution
		SolutionGuid = {3D5EDAE5-C0AE-4CE1-90D9-622A2DCA204B}
	EndGlobalSection
EndGlobal
