
Microsoft Visual Studio Solution File, Format Version 12.00
# Visual Studio Version 16
VisualStudioVersion = 16.0.30320.27
MinimumVisualStudioVersion = 10.0.40219.1
Project("{888888A0-9F3D-457C-B088-3A5042F75D52}") = "PythonApplication47", "PythonApplication47.pyproj", "{24C9C31E-BFC9-4232-BE1A-808E5A76C070}"
EndProject
Global
	GlobalSection(SolutionConfigurationPlatforms) = preSolution
		Debug|Any CPU = Debug|Any CPU
		Release|Any CPU = Release|Any CPU
	EndGlobalSection
	GlobalSection(ProjectConfigurationPlatforms) = postSolution
		{24C9C31E-BFC9-4232-BE1A-808E5A76C070}.Debug|Any CPU.ActiveCfg = Debug|Any CPU
		{24C9C31E-BFC9-4232-BE1A-808E5A76C070}.Release|Any CPU.ActiveCfg = Release|Any CPU
	EndGlobalSection
	GlobalSection(SolutionProperties) = preSolution
		HideSolutionNode = FALSE
	EndGlobalSection
	GlobalSection(ExtensibilityGlobals) = postSolution
		SolutionGuid = {CEB8CD17-8942-4B09-B9EE-DE755900AD17}
	EndGlobalSection
EndGlobal
